
Microsoft Visual Studio Solution File, Format Version 12.00
# Visual Studio Version 17
VisualStudioVersion = 17.13.35818.85 d17.13
MinimumVisualStudioVersion = 10.0.40219.1
Project("{FAE04EC0-301F-11D3-BF4B-00C04F79EFBC}") = "005", "005.csproj", "{36BD15D4-F2FE-4641-AFB7-0705EBB13260}"
EndProject
Global
	GlobalSection(SolutionConfigurationPlatforms) = preSolution
		Debug|Any CPU = Debug|Any CPU
		Release|Any CPU = Release|Any CPU
	EndGlobalSection
	GlobalSection(ProjectConfigurationPlatforms) = postSolution
		{36BD15D4-F2FE-4641-AFB7-0705EBB13260}.Debug|Any CPU.ActiveCfg = Debug|Any CPU
		{36BD15D4-F2FE-4641-AFB7-0705EBB13260}.Debug|Any CPU.Build.0 = Debug|Any CPU
		{36BD15D4-F2FE-4641-AFB7-0705EBB13260}.Release|Any CPU.ActiveCfg = Release|Any CPU
		{36BD15D4-F2FE-4641-AFB7-0705EBB13260}.Release|Any CPU.Build.0 = Release|Any CPU
	EndGlobalSection
	GlobalSection(SolutionProperties) = preSolution
		HideSolutionNode = FALSE
	EndGlobalSection
	GlobalSection(ExtensibilityGlobals) = postSolution
		SolutionGuid = {4F2B4382-0455-47BB-9640-E982F0B0E910}
	EndGlobalSection
EndGlobal
